<?xml version="1.0" encoding="utf-8"?>
<Project ToolsVersion="4.0" xmlns="http://schemas.microsoft.com/developer/msbuild/2003">
  <ItemGroup>
    <Filter Include="Resource Files">
      <UniqueIdentifier>{67DA6AB6-F800-4c08-8B7A-83BB121AAD01}</UniqueIdentifier>
      <Extensions>qrc;rc;ico;cur;bmp;dlg;rc2;rct;bin;rgs;gif;jpg;jpeg;jpe;resx;tiff;tif;png;wav;mfcribbon-ms</Extensions>
    </Filter>
    <Filter Include="Form Files">
      <UniqueIdentifier>{99349809-55BA-4b9d-BF79-8FDBB0286EB3}</UniqueIdentifier>
      <Extensions>ui</Extensions>
    </Filter>
    <Filter Include="Translation Files">
      <UniqueIdentifier>{639EADAA-A684-42e4-A9AD-28FC9BCB8F7C}</UniqueIdentifier>
      <Extensions>ts</Extensions>
    </Filter>
    <Filter Include="SpatialAnalysis">
      <UniqueIdentifier>{5dc99abf-6494-42a5-864b-db6a87410313}</UniqueIdentifier>
    </Filter>
    <Filter Include="DecisionStructure">
      <UniqueIdentifier>{1a452b52-c7b6-4e6c-9be2-10b7f5dcef21}</UniqueIdentifier>
    </Filter>
    <Filter Include="MainApp">
      <UniqueIdentifier>{4FC737F1-C7A5-4376-A066-2A32D752A2FF}</UniqueIdentifier>
      <Extensions>qml;cpp;c;cc;cxx;def;odl;idl;hpj;bat;asm;asmx</Extensions>
    </Filter>
    <Filter Include="MainApp\Label">
      <UniqueIdentifier>{f663f10f-d24c-4a0e-bfe7-fd066c6eaecf}</UniqueIdentifier>
    </Filter>
    <Filter Include="MainApp\右键菜单">
      <UniqueIdentifier>{d9eaf995-c368-4b7d-9074-8565405d6754}</UniqueIdentifier>
    </Filter>
    <Filter Include="MainApp\透明度">
      <UniqueIdentifier>{44ce85c8-ef16-4b36-a3e3-ab619d2d67fa}</UniqueIdentifier>
    </Filter>
    <Filter Include="MainApp\动态投影">
      <UniqueIdentifier>{7d21dcac-d6e1-4812-adeb-f78cc91ec04e}</UniqueIdentifier>
    </Filter>
  </ItemGroup>
  <ItemGroup>
    <QtRcc Include="CUGGIS.qrc">
      <Filter>Resource Files</Filter>
    </QtRcc>
    <QtUic Include="CUGGIS.ui">
      <Filter>Form Files</Filter>
    </QtUic>
    <ClCompile Include="CUGGIS.cpp">
      <Filter>MainApp</Filter>
    </ClCompile>
  </ItemGroup>
  <ItemGroup>
    <ClCompile Include="main.cpp">
      <Filter>MainApp</Filter>
    </ClCompile>
    <ClCompile Include="ConvexHull.cpp">
      <Filter>SpatialAnalysis</Filter>
    </ClCompile>
    <ClCompile Include="ID3andC4.cpp">
      <Filter>DecisionStructure</Filter>
    </ClCompile>
    <ClCompile Include="LabelControl.cpp">
      <Filter>MainApp\Label</Filter>
    </ClCompile>
    <ClCompile Include="QtGisLayerTreeViewMenuProvider.cpp">
      <Filter>MainApp\右键菜单</Filter>
    </ClCompile>
    <ClCompile Include="LayerPropertiesWidget.cpp">
      <Filter>MainApp\透明度</Filter>
    </ClCompile>
    <ClCompile Include="VectorLayerPropertiesWidget.cpp">
      <Filter>MainApp\透明度</Filter>
    </ClCompile>
    <ClCompile Include="RasterLayerPropertiesWidget.cpp">
      <Filter>MainApp\透明度</Filter>
    </ClCompile>
    <ClCompile Include="DynamicProj.cpp">
      <Filter>MainApp\动态投影</Filter>
    </ClCompile>
  </ItemGroup>
  <ItemGroup>
    <None Include="cpp.hint" />
  </ItemGroup>
  <ItemGroup>
    <ClInclude Include="decisionstructure.h">
      <Filter>DecisionStructure</Filter>
    </ClInclude>
    <ClInclude Include="require.h">
      <Filter>DecisionStructure</Filter>
    </ClInclude>
  </ItemGroup>
  <ItemGroup>
    <QtUic Include="ConvexHull.ui">
      <Filter>SpatialAnalysis</Filter>
    </QtUic>
    <QtUic Include="ID3andC4.ui">
      <Filter>DecisionStructure</Filter>
    </QtUic>
    <QtUic Include="LabelControl.ui">
      <Filter>MainApp\Label</Filter>
    </QtUic>
  </ItemGroup>
  <ItemGroup>
    <QtMoc Include="ConvexHull.h">
      <Filter>SpatialAnalysis</Filter>
    </QtMoc>
    <QtMoc Include="ID3andC4.h">
      <Filter>DecisionStructure</Filter>
    </QtMoc>
    <QtMoc Include="CUGGIS.h">
      <Filter>MainApp</Filter>
    </QtMoc>
    <QtMoc Include="LabelControl.h">
      <Filter>MainApp\Label</Filter>
    </QtMoc>
    <QtMoc Include="QtGisLayerTreeViewMenuProvider.h">
      <Filter>MainApp\右键菜单</Filter>
    </QtMoc>
    <QtMoc Include="RasterLayerPropertiesWidget.h">
      <Filter>MainApp\透明度</Filter>
    </QtMoc>
    <QtMoc Include="VectorLayerPropertiesWidget.h">
      <Filter>MainApp\透明度</Filter>
    </QtMoc>
    <QtMoc Include="LayerPropertiesWidget.h">
      <Filter>MainApp\透明度</Filter>
    </QtMoc>
  </ItemGroup>
  <ItemGroup>
    <Text Include="watermelondatas.txt">
      <Filter>DecisionStructure</Filter>
    </Text>
    <Text Include="date.txt">
      <Filter>DecisionStructure</Filter>
    </Text>
  </ItemGroup>
</Project>